{
  "name": "ppt-pjok-kasti-94",
  "version": "1.0.0",
  "lockfileVersion": 2,
  "requires": true,
  "packages": {
    "": {
      "version": "1.0.0",
      "license": "MIT",
      "dependencies": {
        "webslides": "^1.5.0"
      }
    },
    "node_modules/webslides": {
      "version": "1.5.0",
      "resolved": "https://registry.npmjs.org/webslides/-/webslides-1.5.0.tgz",
      "integrity": "sha512-2P7SGPfaS2hd1oeHcJOc7uu8fi2ZdDWY0HDhemeCNgKeBrFljCpczHfPfVyUufQCPocx8r1K8pG5lAVEPupWZA=="
    }
  },
  "dependencies": {
    "webslides": {
      "version": "1.5.0",
      "resolved": "https://registry.npmjs.org/webslides/-/webslides-1.5.0.tgz",
      "integrity": "sha512-2P7SGPfaS2hd1oeHcJOc7uu8fi2ZdDWY0HDhemeCNgKeBrFljCpczHfPfVyUufQCPocx8r1K8pG5lAVEPupWZA=="
    }
  }
}
